
Microsoft Visual Studio Solution File, Format Version 12.00
# Visual Studio Version 17
VisualStudioVersion = 17.6.33723.286
MinimumVisualStudioVersion = 10.0.40219.1
Project("{9A19103F-16F7-4668-BE54-9A1E7A4F7556}") = "Publisher", "Publisher\Publisher.csproj", "{A26FEB8A-01CB-434B-A451-A60FFABCC171}"
EndProject
Project("{9A19103F-16F7-4668-BE54-9A1E7A4F7556}") = "Consumer", "Consumer\Consumer.csproj", "{8BC5B15A-5058-4DED-8039-EFFC901B786D}"
EndProject
Project("{FAE04EC0-301F-11D3-BF4B-00C04F79EFBC}") = "ProductAPI", "ProductAPI\ProductAPI.csproj", "{7F6A9F96-EF03-44F4-B9F5-73082E4BED64}"
EndProject
Global
	GlobalSection(SolutionConfigurationPlatforms) = preSolution
		Debug|Any CPU = Debug|Any CPU
		Release|Any CPU = Release|Any CPU
	EndGlobalSection
	GlobalSection(ProjectConfigurationPlatforms) = postSolution
		{A26FEB8A-01CB-434B-A451-A60FFABCC171}.Debug|Any CPU.ActiveCfg = Debug|Any CPU
		{A26FEB8A-01CB-434B-A451-A60FFABCC171}.Debug|Any CPU.Build.0 = Debug|Any CPU
		{A26FEB8A-01CB-434B-A451-A60FFABCC171}.Release|Any CPU.ActiveCfg = Release|Any CPU
		{A26FEB8A-01CB-434B-A451-A60FFABCC171}.Release|Any CPU.Build.0 = Release|Any CPU
		{8BC5B15A-5058-4DED-8039-EFFC901B786D}.Debug|Any CPU.ActiveCfg = Debug|Any CPU
		{8BC5B15A-5058-4DED-8039-EFFC901B786D}.Debug|Any CPU.Build.0 = Debug|Any CPU
		{8BC5B15A-5058-4DED-8039-EFFC901B786D}.Release|Any CPU.ActiveCfg = Release|Any CPU
		{8BC5B15A-5058-4DED-8039-EFFC901B786D}.Release|Any CPU.Build.0 = Release|Any CPU
		{7F6A9F96-EF03-44F4-B9F5-73082E4BED64}.Debug|Any CPU.ActiveCfg = Debug|Any CPU
		{7F6A9F96-EF03-44F4-B9F5-73082E4BED64}.Debug|Any CPU.Build.0 = Debug|Any CPU
		{7F6A9F96-EF03-44F4-B9F5-73082E4BED64}.Release|Any CPU.ActiveCfg = Release|Any CPU
		{7F6A9F96-EF03-44F4-B9F5-73082E4BED64}.Release|Any CPU.Build.0 = Release|Any CPU
	EndGlobalSection
	GlobalSection(SolutionProperties) = preSolution
		HideSolutionNode = FALSE
	EndGlobalSection
	GlobalSection(ExtensibilityGlobals) = postSolution
		SolutionGuid = {06AC672A-39A4-42FC-8423-2E71BC7FA535}
	EndGlobalSection
EndGlobal
